
Microsoft Visual Studio Solution File, Format Version 11.00
# Visual Studio 2010
Project("{8BC9CEB8-8B4A-11D0-8D11-00A0C91BC942}") = "DrawLines", "DrawLines\DrawLines.vcxproj", "{B0704A49-1B1A-4508-A33F-42E1B57A21BE}"
EndProject
Global
	GlobalSection(SolutionConfigurationPlatforms) = preSolution
		Debug|Win32 = Debug|Win32
		Release|Win32 = Release|Win32
	EndGlobalSection
	GlobalSection(ProjectConfigurationPlatforms) = postSolution
		{B0704A49-1B1A-4508-A33F-42E1B57A21BE}.Debug|Win32.ActiveCfg = Debug|Win32
		{B0704A49-1B1A-4508-A33F-42E1B57A21BE}.Debug|Win32.Build.0 = Debug|Win32
		{B0704A49-1B1A-4508-A33F-42E1B57A21BE}.Release|Win32.ActiveCfg = Release|Win32
		{B0704A49-1B1A-4508-A33F-42E1B57A21BE}.Release|Win32.Build.0 = Release|Win32
	EndGlobalSection
	GlobalSection(SolutionProperties) = preSolution
		HideSolutionNode = FALSE
	EndGlobalSection
EndGlobal
