
Microsoft Visual Studio Solution File, Format Version 11.00
# Visual Studio 2010
Project("{8BC9CEB8-8B4A-11D0-8D11-00A0C91BC942}") = "PoorMenu", "PoorMenu\PoorMenu.vcxproj", "{9DE7BAD0-E3CA-4329-A230-D5FC08D78CCD}"
EndProject
Global
	GlobalSection(SolutionConfigurationPlatforms) = preSolution
		Debug|Win32 = Debug|Win32
		Release|Win32 = Release|Win32
	EndGlobalSection
	GlobalSection(ProjectConfigurationPlatforms) = postSolution
		{9DE7BAD0-E3CA-4329-A230-D5FC08D78CCD}.Debug|Win32.ActiveCfg = Debug|Win32
		{9DE7BAD0-E3CA-4329-A230-D5FC08D78CCD}.Debug|Win32.Build.0 = Debug|Win32
		{9DE7BAD0-E3CA-4329-A230-D5FC08D78CCD}.Release|Win32.ActiveCfg = Release|Win32
		{9DE7BAD0-E3CA-4329-A230-D5FC08D78CCD}.Release|Win32.Build.0 = Release|Win32
	EndGlobalSection
	GlobalSection(SolutionProperties) = preSolution
		HideSolutionNode = FALSE
	EndGlobalSection
EndGlobal
