
Microsoft Visual Studio Solution File, Format Version 11.00
# Visual Studio 2010
Project("{8BC9CEB8-8B4A-11D0-8D11-00A0C91BC942}") = "Blowup", "Blowup\Blowup.vcxproj", "{F537BC8F-AFAF-4244-A720-97B06C2B1B80}"
EndProject
Global
	GlobalSection(SolutionConfigurationPlatforms) = preSolution
		Debug|Win32 = Debug|Win32
		Release|Win32 = Release|Win32
	EndGlobalSection
	GlobalSection(ProjectConfigurationPlatforms) = postSolution
		{F537BC8F-AFAF-4244-A720-97B06C2B1B80}.Debug|Win32.ActiveCfg = Debug|Win32
		{F537BC8F-AFAF-4244-A720-97B06C2B1B80}.Debug|Win32.Build.0 = Debug|Win32
		{F537BC8F-AFAF-4244-A720-97B06C2B1B80}.Release|Win32.ActiveCfg = Release|Win32
		{F537BC8F-AFAF-4244-A720-97B06C2B1B80}.Release|Win32.Build.0 = Release|Win32
	EndGlobalSection
	GlobalSection(SolutionProperties) = preSolution
		HideSolutionNode = FALSE
	EndGlobalSection
EndGlobal
