
Microsoft Visual Studio Solution File, Format Version 11.00
# Visual Studio 2010
Project("{8BC9CEB8-8B4A-11D0-8D11-00A0C91BC942}") = "EMF1", "EMF1\EMF1.vcxproj", "{2924C3B0-AFE2-4CC4-9957-59A61DF71F22}"
EndProject
Global
	GlobalSection(SolutionConfigurationPlatforms) = preSolution
		Debug|Win32 = Debug|Win32
		Release|Win32 = Release|Win32
	EndGlobalSection
	GlobalSection(ProjectConfigurationPlatforms) = postSolution
		{2924C3B0-AFE2-4CC4-9957-59A61DF71F22}.Debug|Win32.ActiveCfg = Debug|Win32
		{2924C3B0-AFE2-4CC4-9957-59A61DF71F22}.Debug|Win32.Build.0 = Debug|Win32
		{2924C3B0-AFE2-4CC4-9957-59A61DF71F22}.Release|Win32.ActiveCfg = Release|Win32
		{2924C3B0-AFE2-4CC4-9957-59A61DF71F22}.Release|Win32.Build.0 = Release|Win32
	EndGlobalSection
	GlobalSection(SolutionProperties) = preSolution
		HideSolutionNode = FALSE
	EndGlobalSection
EndGlobal
