
Microsoft Visual Studio Solution File, Format Version 11.00
# Visual Studio 2010
Project("{8BC9CEB8-8B4A-11D0-8D11-00A0C91BC942}") = "UniChars", "UniChars\UniChars.vcxproj", "{DD46100A-9F7E-4FD6-8C97-BD43C1C4D1AD}"
EndProject
Global
	GlobalSection(SolutionConfigurationPlatforms) = preSolution
		Debug|Win32 = Debug|Win32
		Release|Win32 = Release|Win32
	EndGlobalSection
	GlobalSection(ProjectConfigurationPlatforms) = postSolution
		{DD46100A-9F7E-4FD6-8C97-BD43C1C4D1AD}.Debug|Win32.ActiveCfg = Debug|Win32
		{DD46100A-9F7E-4FD6-8C97-BD43C1C4D1AD}.Debug|Win32.Build.0 = Debug|Win32
		{DD46100A-9F7E-4FD6-8C97-BD43C1C4D1AD}.Release|Win32.ActiveCfg = Release|Win32
		{DD46100A-9F7E-4FD6-8C97-BD43C1C4D1AD}.Release|Win32.Build.0 = Release|Win32
	EndGlobalSection
	GlobalSection(SolutionProperties) = preSolution
		HideSolutionNode = FALSE
	EndGlobalSection
EndGlobal
