
Microsoft Visual Studio Solution File, Format Version 11.00
# Visual Studio 2010
Project("{8BC9CEB8-8B4A-11D0-8D11-00A0C91BC942}") = "FontRot", "FontRot\FontRot.vcxproj", "{0A84D479-D3AA-4324-8FDD-E207DD3CF0AE}"
EndProject
Global
	GlobalSection(SolutionConfigurationPlatforms) = preSolution
		Debug|Win32 = Debug|Win32
		Release|Win32 = Release|Win32
	EndGlobalSection
	GlobalSection(ProjectConfigurationPlatforms) = postSolution
		{0A84D479-D3AA-4324-8FDD-E207DD3CF0AE}.Debug|Win32.ActiveCfg = Debug|Win32
		{0A84D479-D3AA-4324-8FDD-E207DD3CF0AE}.Debug|Win32.Build.0 = Debug|Win32
		{0A84D479-D3AA-4324-8FDD-E207DD3CF0AE}.Release|Win32.ActiveCfg = Release|Win32
		{0A84D479-D3AA-4324-8FDD-E207DD3CF0AE}.Release|Win32.Build.0 = Release|Win32
	EndGlobalSection
	GlobalSection(SolutionProperties) = preSolution
		HideSolutionNode = FALSE
	EndGlobalSection
EndGlobal
