
Microsoft Visual Studio Solution File, Format Version 11.00
# Visual Studio 2010
Project("{8BC9CEB8-8B4A-11D0-8D11-00A0C91BC942}") = "EMF8", "EMF8\EMF8.vcxproj", "{A64340C4-D568-4806-8764-4A53BCF38F30}"
EndProject
Global
	GlobalSection(SolutionConfigurationPlatforms) = preSolution
		Debug|Win32 = Debug|Win32
		Release|Win32 = Release|Win32
	EndGlobalSection
	GlobalSection(ProjectConfigurationPlatforms) = postSolution
		{A64340C4-D568-4806-8764-4A53BCF38F30}.Debug|Win32.ActiveCfg = Debug|Win32
		{A64340C4-D568-4806-8764-4A53BCF38F30}.Debug|Win32.Build.0 = Debug|Win32
		{A64340C4-D568-4806-8764-4A53BCF38F30}.Release|Win32.ActiveCfg = Release|Win32
		{A64340C4-D568-4806-8764-4A53BCF38F30}.Release|Win32.Build.0 = Release|Win32
	EndGlobalSection
	GlobalSection(SolutionProperties) = preSolution
		HideSolutionNode = FALSE
	EndGlobalSection
EndGlobal
